<?xml version="1.0" encoding="utf-8"?>
<Project ToolsVersion="4.0" xmlns="http://schemas.microsoft.com/developer/msbuild/2003">
  <ItemGroup>
    <Filter Include="Hannah">
      <UniqueIdentifier>{73EDEBB6-5F8F-168D-484A-2AE1348B9DDD}</UniqueIdentifier>
    </Filter>
  </ItemGroup>
  <ItemGroup>
    <ClInclude Include="src\Hannah.h" />
    <ClInclude Include="src\Hannah\Application.h">
      <Filter>Hannah</Filter>
    </ClInclude>
    <ClInclude Include="src\Hannah\Core.h">
      <Filter>Hannah</Filter>
    </ClInclude>
    <ClInclude Include="src\Hannah\EntryPoint.h">
      <Filter>Hannah</Filter>
    </ClInclude>
    <ClInclude Include="src\Hannah\Log.h">
      <Filter>Hannah</Filter>
    </ClInclude>
  </ItemGroup>
  <ItemGroup>
    <ClCompile Include="src\Hannah\Application.cpp">
      <Filter>Hannah</Filter>
    </ClCompile>
    <ClCompile Include="src\Hannah\Log.cpp">
      <Filter>Hannah</Filter>
    </ClCompile>
  </ItemGroup>
</Project>